
Microsoft Visual Studio Solution File, Format Version 12.00
# Visual Studio Version 17
VisualStudioVersion = 17.11.35312.102
MinimumVisualStudioVersion = 10.0.40219.1
Project("{FAE04EC0-301F-11D3-BF4B-00C04F79EFBC}") = "HighSchool", "HighSchool\HighSchool.csproj", "{34EF1E57-A670-4624-A4DC-176646FA6CDC}"
EndProject
Global
	GlobalSection(SolutionConfigurationPlatforms) = preSolution
		Debug|Any CPU = Debug|Any CPU
		Release|Any CPU = Release|Any CPU
	EndGlobalSection
	GlobalSection(ProjectConfigurationPlatforms) = postSolution
		{34EF1E57-A670-4624-A4DC-176646FA6CDC}.Debug|Any CPU.ActiveCfg = Debug|Any CPU
		{34EF1E57-A670-4624-A4DC-176646FA6CDC}.Debug|Any CPU.Build.0 = Debug|Any CPU
		{34EF1E57-A670-4624-A4DC-176646FA6CDC}.Release|Any CPU.ActiveCfg = Release|Any CPU
		{34EF1E57-A670-4624-A4DC-176646FA6CDC}.Release|Any CPU.Build.0 = Release|Any CPU
	EndGlobalSection
	GlobalSection(SolutionProperties) = preSolution
		HideSolutionNode = FALSE
	EndGlobalSection
	GlobalSection(ExtensibilityGlobals) = postSolution
		SolutionGuid = {D47DB8DE-0986-4FAA-82E3-2C2719CD2DE4}
	EndGlobalSection
EndGlobal
